
Microsoft Visual Studio Solution File, Format Version 12.00
# Visual Studio Version 16
VisualStudioVersion = 16.0.31624.102
MinimumVisualStudioVersion = 10.0.40219.1
Project("{FAE04EC0-301F-11D3-BF4B-00C04F79EFBC}") = "lab_1", "lab_1\lab_1.csproj", "{6768B4CD-4F3A-4D4E-B28C-65C44A742E13}"
EndProject
Global
	GlobalSection(SolutionConfigurationPlatforms) = preSolution
		Debug|Any CPU = Debug|Any CPU
		Release|Any CPU = Release|Any CPU
	EndGlobalSection
	GlobalSection(ProjectConfigurationPlatforms) = postSolution
		{6768B4CD-4F3A-4D4E-B28C-65C44A742E13}.Debug|Any CPU.ActiveCfg = Debug|Any CPU
		{6768B4CD-4F3A-4D4E-B28C-65C44A742E13}.Debug|Any CPU.Build.0 = Debug|Any CPU
		{6768B4CD-4F3A-4D4E-B28C-65C44A742E13}.Release|Any CPU.ActiveCfg = Release|Any CPU
		{6768B4CD-4F3A-4D4E-B28C-65C44A742E13}.Release|Any CPU.Build.0 = Release|Any CPU
	EndGlobalSection
	GlobalSection(SolutionProperties) = preSolution
		HideSolutionNode = FALSE
	EndGlobalSection
	GlobalSection(ExtensibilityGlobals) = postSolution
		SolutionGuid = {2872A8C8-8A07-4204-A052-A7924B34A670}
	EndGlobalSection
EndGlobal
